
Microsoft Visual Studio Solution File, Format Version 12.00
# Visual Studio Version 17
VisualStudioVersion = 17.1.32414.318
MinimumVisualStudioVersion = 10.0.40219.1
Project("{FAE04EC0-301F-11D3-BF4B-00C04F79EFBC}") = "Sandbox.UWP", "Sandbox\Sandbox.UWP\Sandbox.UWP.csproj", "{0CBB8DA3-78CC-4310-8B36-C7B18C11E839}"
EndProject
Project("{FAE04EC0-301F-11D3-BF4B-00C04F79EFBC}") = "Sandbox.Android", "Sandbox\Sandbox.Android\Sandbox.Android.csproj", "{3F3656C9-7E32-44CE-9A5C-ACFA48B71844}"
EndProject
Project("{FAE04EC0-301F-11D3-BF4B-00C04F79EFBC}") = "Sandbox.iOS", "Sandbox\Sandbox.iOS\Sandbox.iOS.csproj", "{215F31C2-F6A3-4120-875A-2D12237489C3}"
EndProject
Project("{FAE04EC0-301F-11D3-BF4B-00C04F79EFBC}") = "Sandbox", "Sandbox\Sandbox\Sandbox.csproj", "{6369020A-4C34-41C6-B0BB-2C83DDA65ABC}"
EndProject
Global
	GlobalSection(SolutionConfigurationPlatforms) = preSolution
		Debug|Any CPU = Debug|Any CPU
		Debug|ARM = Debug|ARM
		Debug|iPhone = Debug|iPhone
		Debug|iPhoneSimulator = Debug|iPhoneSimulator
		Debug|x64 = Debug|x64
		Debug|x86 = Debug|x86
		Release|Any CPU = Release|Any CPU
		Release|ARM = Release|ARM
		Release|iPhone = Release|iPhone
		Release|iPhoneSimulator = Release|iPhoneSimulator
		Release|x64 = Release|x64
		Release|x86 = Release|x86
	EndGlobalSection
	GlobalSection(ProjectConfigurationPlatforms) = postSolution
		{0CBB8DA3-78CC-4310-8B36-C7B18C11E839}.Debug|Any CPU.ActiveCfg = Debug|x64
		{0CBB8DA3-78CC-4310-8B36-C7B18C11E839}.Debug|Any CPU.Build.0 = Debug|x64
		{0CBB8DA3-78CC-4310-8B36-C7B18C11E839}.Debug|Any CPU.Deploy.0 = Debug|x64
		{0CBB8DA3-78CC-4310-8B36-C7B18C11E839}.Debug|ARM.ActiveCfg = Debug|ARM
		{0CBB8DA3-78CC-4310-8B36-C7B18C11E839}.Debug|ARM.Build.0 = Debug|ARM
		{0CBB8DA3-78CC-4310-8B36-C7B18C11E839}.Debug|ARM.Deploy.0 = Debug|ARM
		{0CBB8DA3-78CC-4310-8B36-C7B18C11E839}.Debug|iPhone.ActiveCfg = Debug|x64
		{0CBB8DA3-78CC-4310-8B36-C7B18C11E839}.Debug|iPhone.Build.0 = Debug|x64
		{0CBB8DA3-78CC-4310-8B36-C7B18C11E839}.Debug|iPhone.Deploy.0 = Debug|x64
		{0CBB8DA3-78CC-4310-8B36-C7B18C11E839}.Debug|iPhoneSimulator.ActiveCfg = Debug|x64
		{0CBB8DA3-78CC-4310-8B36-C7B18C11E839}.Debug|iPhoneSimulator.Build.0 = Debug|x64
		{0CBB8DA3-78CC-4310-8B36-C7B18C11E839}.Debug|iPhoneSimulator.Deploy.0 = Debug|x64
		{0CBB8DA3-78CC-4310-8B36-C7B18C11E839}.Debug|x64.ActiveCfg = Debug|x64
		{0CBB8DA3-78CC-4310-8B36-C7B18C11E839}.Debug|x64.Build.0 = Debug|x64
		{0CBB8DA3-78CC-4310-8B36-C7B18C11E839}.Debug|x64.Deploy.0 = Debug|x64
		{0CBB8DA3-78CC-4310-8B36-C7B18C11E839}.Debug|x86.ActiveCfg = Debug|x86
		{0CBB8DA3-78CC-4310-8B36-C7B18C11E839}.Debug|x86.Build.0 = Debug|x86
		{0CBB8DA3-78CC-4310-8B36-C7B18C11E839}.Debug|x86.Deploy.0 = Debug|x86
		{0CBB8DA3-78CC-4310-8B36-C7B18C11E839}.Release|Any CPU.ActiveCfg = Release|x64
		{0CBB8DA3-78CC-4310-8B36-C7B18C11E839}.Release|Any CPU.Build.0 = Release|x64
		{0CBB8DA3-78CC-4310-8B36-C7B18C11E839}.Release|Any CPU.Deploy.0 = Release|x64
		{0CBB8DA3-78CC-4310-8B36-C7B18C11E839}.Release|ARM.ActiveCfg = Release|ARM
		{0CBB8DA3-78CC-4310-8B36-C7B18C11E839}.Release|ARM.Build.0 = Release|ARM
		{0CBB8DA3-78CC-4310-8B36-C7B18C11E839}.Release|ARM.Deploy.0 = Release|ARM
		{0CBB8DA3-78CC-4310-8B36-C7B18C11E839}.Release|iPhone.ActiveCfg = Release|x64
		{0CBB8DA3-78CC-4310-8B36-C7B18C11E839}.Release|iPhone.Build.0 = Release|x64
		{0CBB8DA3-78CC-4310-8B36-C7B18C11E839}.Release|iPhone.Deploy.0 = Release|x64
		{0CBB8DA3-78CC-4310-8B36-C7B18C11E839}.Release|iPhoneSimulator.ActiveCfg = Release|x64
		{0CBB8DA3-78CC-4310-8B36-C7B18C11E839}.Release|iPhoneSimulator.Build.0 = Release|x64
		{0CBB8DA3-78CC-4310-8B36-C7B18C11E839}.Release|iPhoneSimulator.Deploy.0 = Release|x64
		{0CBB8DA3-78CC-4310-8B36-C7B18C11E839}.Release|x64.ActiveCfg = Release|x64
		{0CBB8DA3-78CC-4310-8B36-C7B18C11E839}.Release|x64.Build.0 = Release|x64
		{0CBB8DA3-78CC-4310-8B36-C7B18C11E839}.Release|x64.Deploy.0 = Release|x64
		{0CBB8DA3-78CC-4310-8B36-C7B18C11E839}.Release|x86.ActiveCfg = Release|x86
		{0CBB8DA3-78CC-4310-8B36-C7B18C11E839}.Release|x86.Build.0 = Release|x86
		{0CBB8DA3-78CC-4310-8B36-C7B18C11E839}.Release|x86.Deploy.0 = Release|x86
		{3F3656C9-7E32-44CE-9A5C-ACFA48B71844}.Debug|Any CPU.ActiveCfg = Debug|Any CPU
		{3F3656C9-7E32-44CE-9A5C-ACFA48B71844}.Debug|Any CPU.Build.0 = Debug|Any CPU
		{3F3656C9-7E32-44CE-9A5C-ACFA48B71844}.Debug|Any CPU.Deploy.0 = Debug|Any CPU
		{3F3656C9-7E32-44CE-9A5C-ACFA48B71844}.Debug|ARM.ActiveCfg = Debug|Any CPU
		{3F3656C9-7E32-44CE-9A5C-ACFA48B71844}.Debug|ARM.Build.0 = Debug|Any CPU
		{3F3656C9-7E32-44CE-9A5C-ACFA48B71844}.Debug|ARM.Deploy.0 = Debug|Any CPU
		{3F3656C9-7E32-44CE-9A5C-ACFA48B71844}.Debug|iPhone.ActiveCfg = Debug|Any CPU
		{3F3656C9-7E32-44CE-9A5C-ACFA48B71844}.Debug|iPhone.Build.0 = Debug|Any CPU
		{3F3656C9-7E32-44CE-9A5C-ACFA48B71844}.Debug|iPhone.Deploy.0 = Debug|Any CPU
		{3F3656C9-7E32-44CE-9A5C-ACFA48B71844}.Debug|iPhoneSimulator.ActiveCfg = Debug|Any CPU
		{3F3656C9-7E32-44CE-9A5C-ACFA48B71844}.Debug|iPhoneSimulator.Build.0 = Debug|Any CPU
		{3F3656C9-7E32-44CE-9A5C-ACFA48B71844}.Debug|iPhoneSimulator.Deploy.0 = Debug|Any CPU
		{3F3656C9-7E32-44CE-9A5C-ACFA48B71844}.Debug|x64.ActiveCfg = Debug|Any CPU
		{3F3656C9-7E32-44CE-9A5C-ACFA48B71844}.Debug|x64.Build.0 = Debug|Any CPU
		{3F3656C9-7E32-44CE-9A5C-ACFA48B71844}.Debug|x64.Deploy.0 = Debug|Any CPU
		{3F3656C9-7E32-44CE-9A5C-ACFA48B71844}.Debug|x86.ActiveCfg = Debug|Any CPU
		{3F3656C9-7E32-44CE-9A5C-ACFA48B71844}.Debug|x86.Build.0 = Debug|Any CPU
		{3F3656C9-7E32-44CE-9A5C-ACFA48B71844}.Debug|x86.Deploy.0 = Debug|Any CPU
		{3F3656C9-7E32-44CE-9A5C-ACFA48B71844}.Release|Any CPU.ActiveCfg = Release|Any CPU
		{3F3656C9-7E32-44CE-9A5C-ACFA48B71844}.Release|Any CPU.Build.0 = Release|Any CPU
		{3F3656C9-7E32-44CE-9A5C-ACFA48B71844}.Release|Any CPU.Deploy.0 = Release|Any CPU
		{3F3656C9-7E32-44CE-9A5C-ACFA48B71844}.Release|ARM.ActiveCfg = Release|Any CPU
		{3F3656C9-7E32-44CE-9A5C-ACFA48B71844}.Release|ARM.Build.0 = Release|Any CPU
		{3F3656C9-7E32-44CE-9A5C-ACFA48B71844}.Release|ARM.Deploy.0 = Release|Any CPU
		{3F3656C9-7E32-44CE-9A5C-ACFA48B71844}.Release|iPhone.ActiveCfg = Release|Any CPU
		{3F3656C9-7E32-44CE-9A5C-ACFA48B71844}.Release|iPhone.Build.0 = Release|Any CPU
		{3F3656C9-7E32-44CE-9A5C-ACFA48B71844}.Release|iPhone.Deploy.0 = Release|Any CPU
		{3F3656C9-7E32-44CE-9A5C-ACFA48B71844}.Release|iPhoneSimulator.ActiveCfg = Release|Any CPU
		{3F3656C9-7E32-44CE-9A5C-ACFA48B71844}.Release|iPhoneSimulator.Build.0 = Release|Any CPU
		{3F3656C9-7E32-44CE-9A5C-ACFA48B71844}.Release|iPhoneSimulator.Deploy.0 = Release|Any CPU
		{3F3656C9-7E32-44CE-9A5C-ACFA48B71844}.Release|x64.ActiveCfg = Release|Any CPU
		{3F3656C9-7E32-44CE-9A5C-ACFA48B71844}.Release|x64.Build.0 = Release|Any CPU
		{3F3656C9-7E32-44CE-9A5C-ACFA48B71844}.Release|x64.Deploy.0 = Release|Any CPU
		{3F3656C9-7E32-44CE-9A5C-ACFA48B71844}.Release|x86.ActiveCfg = Release|Any CPU
		{3F3656C9-7E32-44CE-9A5C-ACFA48B71844}.Release|x86.Build.0 = Release|Any CPU
		{3F3656C9-7E32-44CE-9A5C-ACFA48B71844}.Release|x86.Deploy.0 = Release|Any CPU
		{215F31C2-F6A3-4120-875A-2D12237489C3}.Debug|Any CPU.ActiveCfg = Debug|iPhoneSimulator
		{215F31C2-F6A3-4120-875A-2D12237489C3}.Debug|Any CPU.Build.0 = Debug|iPhoneSimulator
		{215F31C2-F6A3-4120-875A-2D12237489C3}.Debug|ARM.ActiveCfg = Debug|iPhoneSimulator
		{215F31C2-F6A3-4120-875A-2D12237489C3}.Debug|ARM.Build.0 = Debug|iPhoneSimulator
		{215F31C2-F6A3-4120-875A-2D12237489C3}.Debug|iPhone.ActiveCfg = Debug|iPhone
		{215F31C2-F6A3-4120-875A-2D12237489C3}.Debug|iPhone.Build.0 = Debug|iPhone
		{215F31C2-F6A3-4120-875A-2D12237489C3}.Debug|iPhoneSimulator.ActiveCfg = Debug|iPhoneSimulator
		{215F31C2-F6A3-4120-875A-2D12237489C3}.Debug|iPhoneSimulator.Build.0 = Debug|iPhoneSimulator
		{215F31C2-F6A3-4120-875A-2D12237489C3}.Debug|x64.ActiveCfg = Debug|iPhoneSimulator
		{215F31C2-F6A3-4120-875A-2D12237489C3}.Debug|x64.Build.0 = Debug|iPhoneSimulator
		{215F31C2-F6A3-4120-875A-2D12237489C3}.Debug|x86.ActiveCfg = Debug|iPhoneSimulator
		{215F31C2-F6A3-4120-875A-2D12237489C3}.Debug|x86.Build.0 = Debug|iPhoneSimulator
		{215F31C2-F6A3-4120-875A-2D12237489C3}.Release|Any CPU.ActiveCfg = Release|iPhoneSimulator
		{215F31C2-F6A3-4120-875A-2D12237489C3}.Release|Any CPU.Build.0 = Release|iPhoneSimulator
		{215F31C2-F6A3-4120-875A-2D12237489C3}.Release|ARM.ActiveCfg = Release|iPhoneSimulator
		{215F31C2-F6A3-4120-875A-2D12237489C3}.Release|ARM.Build.0 = Release|iPhoneSimulator
		{215F31C2-F6A3-4120-875A-2D12237489C3}.Release|iPhone.ActiveCfg = Release|iPhone
		{215F31C2-F6A3-4120-875A-2D12237489C3}.Release|iPhone.Build.0 = Release|iPhone
		{215F31C2-F6A3-4120-875A-2D12237489C3}.Release|iPhoneSimulator.ActiveCfg = Release|iPhoneSimulator
		{215F31C2-F6A3-4120-875A-2D12237489C3}.Release|iPhoneSimulator.Build.0 = Release|iPhoneSimulator
		{215F31C2-F6A3-4120-875A-2D12237489C3}.Release|x64.ActiveCfg = Release|iPhoneSimulator
		{215F31C2-F6A3-4120-875A-2D12237489C3}.Release|x64.Build.0 = Release|iPhoneSimulator
		{215F31C2-F6A3-4120-875A-2D12237489C3}.Release|x86.ActiveCfg = Release|iPhoneSimulator
		{215F31C2-F6A3-4120-875A-2D12237489C3}.Release|x86.Build.0 = Release|iPhoneSimulator
		{6369020A-4C34-41C6-B0BB-2C83DDA65ABC}.Debug|Any CPU.ActiveCfg = Debug|Any CPU
		{6369020A-4C34-41C6-B0BB-2C83DDA65ABC}.Debug|Any CPU.Build.0 = Debug|Any CPU
		{6369020A-4C34-41C6-B0BB-2C83DDA65ABC}.Debug|ARM.ActiveCfg = Debug|Any CPU
		{6369020A-4C34-41C6-B0BB-2C83DDA65ABC}.Debug|ARM.Build.0 = Debug|Any CPU
		{6369020A-4C34-41C6-B0BB-2C83DDA65ABC}.Debug|iPhone.ActiveCfg = Debug|Any CPU
		{6369020A-4C34-41C6-B0BB-2C83DDA65ABC}.Debug|iPhone.Build.0 = Debug|Any CPU
		{6369020A-4C34-41C6-B0BB-2C83DDA65ABC}.Debug|iPhoneSimulator.ActiveCfg = Debug|Any CPU
		{6369020A-4C34-41C6-B0BB-2C83DDA65ABC}.Debug|iPhoneSimulator.Build.0 = Debug|Any CPU
		{6369020A-4C34-41C6-B0BB-2C83DDA65ABC}.Debug|x64.ActiveCfg = Debug|Any CPU
		{6369020A-4C34-41C6-B0BB-2C83DDA65ABC}.Debug|x64.Build.0 = Debug|Any CPU
		{6369020A-4C34-41C6-B0BB-2C83DDA65ABC}.Debug|x86.ActiveCfg = Debug|Any CPU
		{6369020A-4C34-41C6-B0BB-2C83DDA65ABC}.Debug|x86.Build.0 = Debug|Any CPU
		{6369020A-4C34-41C6-B0BB-2C83DDA65ABC}.Release|Any CPU.ActiveCfg = Release|Any CPU
		{6369020A-4C34-41C6-B0BB-2C83DDA65ABC}.Release|Any CPU.Build.0 = Release|Any CPU
		{6369020A-4C34-41C6-B0BB-2C83DDA65ABC}.Release|ARM.ActiveCfg = Release|Any CPU
		{6369020A-4C34-41C6-B0BB-2C83DDA65ABC}.Release|ARM.Build.0 = Release|Any CPU
		{6369020A-4C34-41C6-B0BB-2C83DDA65ABC}.Release|iPhone.ActiveCfg = Release|Any CPU
		{6369020A-4C34-41C6-B0BB-2C83DDA65ABC}.Release|iPhone.Build.0 = Release|Any CPU
		{6369020A-4C34-41C6-B0BB-2C83DDA65ABC}.Release|iPhoneSimulator.ActiveCfg = Release|Any CPU
		{6369020A-4C34-41C6-B0BB-2C83DDA65ABC}.Release|iPhoneSimulator.Build.0 = Release|Any CPU
		{6369020A-4C34-41C6-B0BB-2C83DDA65ABC}.Release|x64.ActiveCfg = Release|Any CPU
		{6369020A-4C34-41C6-B0BB-2C83DDA65ABC}.Release|x64.Build.0 = Release|Any CPU
		{6369020A-4C34-41C6-B0BB-2C83DDA65ABC}.Release|x86.ActiveCfg = Release|Any CPU
		{6369020A-4C34-41C6-B0BB-2C83DDA65ABC}.Release|x86.Build.0 = Release|Any CPU
	EndGlobalSection
	GlobalSection(SolutionProperties) = preSolution
		HideSolutionNode = FALSE
	EndGlobalSection
	GlobalSection(ExtensibilityGlobals) = postSolution
		SolutionGuid = {5AAA2400-0094-499E-8DE5-5ED3EB0AF2AF}
	EndGlobalSection
EndGlobal
